
Microsoft Visual Studio Solution File, Format Version 12.00
# Visual Studio Version 17
VisualStudioVersion = 17.5.33530.505
MinimumVisualStudioVersion = 10.0.40219.1
Project("{FAE04EC0-301F-11D3-BF4B-00C04F79EFBC}") = "UserManager.WebApi", "UserManager.WebApi\UserManager.WebApi.csproj", "{F90C3D11-239D-4511-91D4-B910BBB33572}"
EndProject
Global
	GlobalSection(SolutionConfigurationPlatforms) = preSolution
		Debug|Any CPU = Debug|Any CPU
		Release|Any CPU = Release|Any CPU
	EndGlobalSection
	GlobalSection(ProjectConfigurationPlatforms) = postSolution
		{F90C3D11-239D-4511-91D4-B910BBB33572}.Debug|Any CPU.ActiveCfg = Debug|Any CPU
		{F90C3D11-239D-4511-91D4-B910BBB33572}.Debug|Any CPU.Build.0 = Debug|Any CPU
		{F90C3D11-239D-4511-91D4-B910BBB33572}.Release|Any CPU.ActiveCfg = Release|Any CPU
		{F90C3D11-239D-4511-91D4-B910BBB33572}.Release|Any CPU.Build.0 = Release|Any CPU
	EndGlobalSection
	GlobalSection(SolutionProperties) = preSolution
		HideSolutionNode = FALSE
	EndGlobalSection
	GlobalSection(ExtensibilityGlobals) = postSolution
		SolutionGuid = {168F03D2-4D3D-47BB-9E74-D7AC96A3B91D}
	EndGlobalSection
EndGlobal
